// !$*UTF8*$!
{
	archiveVersion = 1;
	classes = {
	};
	objectVersion = 50;
	objects = {

/* Begin PBXBuildFile section */
		B6E63C8028A9043C001F1C05 /* AppDelegate.swift in Sources */ = {isa = PBXBuildFile; fileRef = B6E63C7F28A9043C001F1C05 /* AppDelegate.swift */; };
		B6E63C8228A9043C001F1C05 /* SceneDelegate.swift in Sources */ = {isa = PBXBuildFile; fileRef = B6E63C8128A9043C001F1C05 /* SceneDelegate.swift */; };
		B6E63C8728A9043C001F1C05 /* Main.storyboard in Resources */ = {isa = PBXBuildFile; fileRef = B6E63C8528A9043C001F1C05 /* Main.storyboard */; };
		B6E63C8928A9043E001F1C05 /* Assets.xcassets in Resources */ = {isa = PBXBuildFile; fileRef = B6E63C8828A9043E001F1C05 /* Assets.xcassets */; };
		B6E63C8C28A9043E001F1C05 /* LaunchScreen.storyboard in Resources */ = {isa = PBXBuildFile; fileRef = B6E63C8A28A9043E001F1C05 /* LaunchScreen.storyboard */; };
		B6E63C9628A90E09001F1C05 /* TaskListController.swift in Sources */ = {isa = PBXBuildFile; fileRef = B6E63C9528A90E09001F1C05 /* TaskListController.swift */; };
		B6E63C9928A90E6E001F1C05 /* Task.swift in Sources */ = {isa = PBXBuildFile; fileRef = B6E63C9828A90E6E001F1C05 /* Task.swift */; };
		B6E63C9D28A90F16001F1C05 /* TasksStorage.swift in Sources */ = {isa = PBXBuildFile; fileRef = B6E63C9C28A90F16001F1C05 /* TasksStorage.swift */; };
		B6E63CA428A93086001F1C05 /* TaskCell.swift in Sources */ = {isa = PBXBuildFile; fileRef = B6E63CA328A93086001F1C05 /* TaskCell.swift */; };
		B6E63CA928A9390B001F1C05 /* TaskEditController.swift in Sources */ = {isa = PBXBuildFile; fileRef = B6E63CA828A9390B001F1C05 /* TaskEditController.swift */; };
		B6E63CB028A9398E001F1C05 /* TaskTypeController.swift in Sources */ = {isa = PBXBuildFile; fileRef = B6E63CAF28A9398E001F1C05 /* TaskTypeController.swift */; };
		B6E63CBF28A96F6B001F1C05 /* TaskTypeCell.swift in Sources */ = {isa = PBXBuildFile; fileRef = B6E63CBD28A96F6B001F1C05 /* TaskTypeCell.swift */; };
		B6E63CC028A96F6B001F1C05 /* TaskTypeCell.xib in Resources */ = {isa = PBXBuildFile; fileRef = B6E63CBE28A96F6B001F1C05 /* TaskTypeCell.xib */; };
/* End PBXBuildFile section */

/* Begin PBXFileReference section */
		B6E63C7C28A9043C001F1C05 /* ToDoAPP.app */ = {isa = PBXFileReference; explicitFileType = wrapper.application; includeInIndex = 0; path = ToDoAPP.app; sourceTree = BUILT_PRODUCTS_DIR; };
		B6E63C7F28A9043C001F1C05 /* AppDelegate.swift */ = {isa = PBXFileReference; lastKnownFileType = sourcecode.swift; path = AppDelegate.swift; sourceTree = "<group>"; };
		B6E63C8128A9043C001F1C05 /* SceneDelegate.swift */ = {isa = PBXFileReference; lastKnownFileType = sourcecode.swift; path = SceneDelegate.swift; sourceTree = "<group>"; };
		B6E63C8628A9043C001F1C05 /* Base */ = {isa = PBXFileReference; lastKnownFileType = file.storyboard; name = Base; path = Base.lproj/Main.storyboard; sourceTree = "<group>"; };
		B6E63C8828A9043E001F1C05 /* Assets.xcassets */ = {isa = PBXFileReference; lastKnownFileType = folder.assetcatalog; path = Assets.xcassets; sourceTree = "<group>"; };
		B6E63C8B28A9043E001F1C05 /* Base */ = {isa = PBXFileReference; lastKnownFileType = file.storyboard; name = Base; path = Base.lproj/LaunchScreen.storyboard; sourceTree = "<group>"; };
		B6E63C8D28A9043E001F1C05 /* Info.plist */ = {isa = PBXFileReference; lastKnownFileType = text.plist.xml; path = Info.plist; sourceTree = "<group>"; };
		B6E63C9528A90E09001F1C05 /* TaskListController.swift */ = {isa = PBXFileReference; lastKnownFileType = sourcecode.swift; path = TaskListController.swift; sourceTree = "<group>"; };
		B6E63C9828A90E6E001F1C05 /* Task.swift */ = {isa = PBXFileReference; lastKnownFileType = sourcecode.swift; path = Task.swift; sourceTree = "<group>"; };
		B6E63C9C28A90F16001F1C05 /* TasksStorage.swift */ = {isa = PBXFileReference; lastKnownFileType = sourcecode.swift; path = TasksStorage.swift; sourceTree = "<group>"; };
		B6E63CA328A93086001F1C05 /* TaskCell.swift */ = {isa = PBXFileReference; lastKnownFileType = sourcecode.swift; path = TaskCell.swift; sourceTree = "<group>"; };
		B6E63CA828A9390B001F1C05 /* TaskEditController.swift */ = {isa = PBXFileReference; lastKnownFileType = sourcecode.swift; path = TaskEditController.swift; sourceTree = "<group>"; };
		B6E63CAF28A9398E001F1C05 /* TaskTypeController.swift */ = {isa = PBXFileReference; lastKnownFileType = sourcecode.swift; path = TaskTypeController.swift; sourceTree = "<group>"; };
		B6E63CBD28A96F6B001F1C05 /* TaskTypeCell.swift */ = {isa = PBXFileReference; lastKnownFileType = sourcecode.swift; path = TaskTypeCell.swift; sourceTree = "<group>"; };
		B6E63CBE28A96F6B001F1C05 /* TaskTypeCell.xib */ = {isa = PBXFileReference; lastKnownFileType = file.xib; path = TaskTypeCell.xib; sourceTree = "<group>"; };
/* End PBXFileReference section */

/* Begin PBXFrameworksBuildPhase section */
		B6E63C7928A9043C001F1C05 /* Frameworks */ = {
			isa = PBXFrameworksBuildPhase;
			buildActionMask = 2147483647;
			files = (
			);
			runOnlyForDeploymentPostprocessing = 0;
		};
/* End PBXFrameworksBuildPhase section */

/* Begin PBXGroup section */
		B65F45D728AD240900FBAADC /* View Controllers */ = {
			isa = PBXGroup;
			children = (
				B6E63CAF28A9398E001F1C05 /* TaskTypeController.swift */,
				B6E63C9528A90E09001F1C05 /* TaskListController.swift */,
				B6E63CA828A9390B001F1C05 /* TaskEditController.swift */,
				B6E63CA228A93050001F1C05 /* Cells */,
			);
			path = "View Controllers";
			sourceTree = "<group>";
		};
		B6E63C7328A9043C001F1C05 = {
			isa = PBXGroup;
			children = (
				B6E63C7E28A9043C001F1C05 /* ToDoAPP */,
				B6E63C7D28A9043C001F1C05 /* Products */,
			);
			sourceTree = "<group>";
		};
		B6E63C7D28A9043C001F1C05 /* Products */ = {
			isa = PBXGroup;
			children = (
				B6E63C7C28A9043C001F1C05 /* ToDoAPP.app */,
			);
			name = Products;
			sourceTree = "<group>";
		};
		B6E63C7E28A9043C001F1C05 /* ToDoAPP */ = {
			isa = PBXGroup;
			children = (
				B65F45D728AD240900FBAADC /* View Controllers */,
				B6FF03CB28AD23AF00A25C62 /* Supporting Files */,
				B6E63C9B28A90EFD001F1C05 /* Model */,
				B6E63CA028A93024001F1C05 /* Views */,
			);
			path = ToDoAPP;
			sourceTree = "<group>";
		};
		B6E63C9B28A90EFD001F1C05 /* Model */ = {
			isa = PBXGroup;
			children = (
				B6E63C9828A90E6E001F1C05 /* Task.swift */,
				B6E63C9C28A90F16001F1C05 /* TasksStorage.swift */,
			);
			path = Model;
			sourceTree = "<group>";
		};
		B6E63CA028A93024001F1C05 /* Views */ = {
			isa = PBXGroup;
			children = (
				B6E63C8528A9043C001F1C05 /* Main.storyboard */,
				B6E63C8A28A9043E001F1C05 /* LaunchScreen.storyboard */,
			);
			path = Views;
			sourceTree = "<group>";
		};
		B6E63CA228A93050001F1C05 /* Cells */ = {
			isa = PBXGroup;
			children = (
				B6E63CA328A93086001F1C05 /* TaskCell.swift */,
				B6E63CBD28A96F6B001F1C05 /* TaskTypeCell.swift */,
				B6E63CBE28A96F6B001F1C05 /* TaskTypeCell.xib */,
			);
			path = Cells;
			sourceTree = "<group>";
		};
		B6FF03CB28AD23AF00A25C62 /* Supporting Files */ = {
			isa = PBXGroup;
			children = (
				B6E63C7F28A9043C001F1C05 /* AppDelegate.swift */,
				B6E63C8128A9043C001F1C05 /* SceneDelegate.swift */,
				B6E63C8828A9043E001F1C05 /* Assets.xcassets */,
				B6E63C8D28A9043E001F1C05 /* Info.plist */,
			);
			path = "Supporting Files";
			sourceTree = "<group>";
		};
/* End PBXGroup section */

/* Begin PBXNativeTarget section */
		B6E63C7B28A9043C001F1C05 /* ToDoAPP */ = {
			isa = PBXNativeTarget;
			buildConfigurationList = B6E63C9028A9043E001F1C05 /* Build configuration list for PBXNativeTarget "ToDoAPP" */;
			buildPhases = (
				B6E63C7828A9043C001F1C05 /* Sources */,
				B6E63C7928A9043C001F1C05 /* Frameworks */,
				B6E63C7A28A9043C001F1C05 /* Resources */,
			);
			buildRules = (
			);
			dependencies = (
			);
			name = ToDoAPP;
			productName = ToDoAPP;
			productReference = B6E63C7C28A9043C001F1C05 /* ToDoAPP.app */;
			productType = "com.apple.product-type.application";
		};
/* End PBXNativeTarget section */

/* Begin PBXProject section */
		B6E63C7428A9043C001F1C05 /* Project object */ = {
			isa = PBXProject;
			attributes = {
				LastSwiftUpdateCheck = 1240;
				LastUpgradeCheck = 1240;
				TargetAttributes = {
					B6E63C7B28A9043C001F1C05 = {
						CreatedOnToolsVersion = 12.4;
					};
				};
			};
			buildConfigurationList = B6E63C7728A9043C001F1C05 /* Build configuration list for PBXProject "ToDoAPP" */;
			compatibilityVersion = "Xcode 9.3";
			developmentRegion = en;
			hasScannedForEncodings = 0;
			knownRegions = (
				en,
				Base,
			);
			mainGroup = B6E63C7328A9043C001F1C05;
			productRefGroup = B6E63C7D28A9043C001F1C05 /* Products */;
			projectDirPath = "";
			projectRoot = "";
			targets = (
				B6E63C7B28A9043C001F1C05 /* ToDoAPP */,
			);
		};
/* End PBXProject section */

/* Begin PBXResourcesBuildPhase section */
		B6E63C7A28A9043C001F1C05 /* Resources */ = {
			isa = PBXResourcesBuildPhase;
			buildActionMask = 2147483647;
			files = (
				B6E63C8C28A9043E001F1C05 /* LaunchScreen.storyboard in Resources */,
				B6E63C8928A9043E001F1C05 /* Assets.xcassets in Resources */,
				B6E63CC028A96F6B001F1C05 /* TaskTypeCell.xib in Resources */,
				B6E63C8728A9043C001F1C05 /* Main.storyboard in Resources */,
			);
			runOnlyForDeploymentPostprocessing = 0;
		};
/* End PBXResourcesBuildPhase section */

/* Begin PBXSourcesBuildPhase section */
		B6E63C7828A9043C001F1C05 /* Sources */ = {
			isa = PBXSourcesBuildPhase;
			buildActionMask = 2147483647;
			files = (
				B6E63C9928A90E6E001F1C05 /* Task.swift in Sources */,
				B6E63C8028A9043C001F1C05 /* AppDelegate.swift in Sources */,
				B6E63C9D28A90F16001F1C05 /* TasksStorage.swift in Sources */,
				B6E63C8228A9043C001F1C05 /* SceneDelegate.swift in Sources */,
				B6E63CB028A9398E001F1C05 /* TaskTypeController.swift in Sources */,
				B6E63CA428A93086001F1C05 /* TaskCell.swift in Sources */,
				B6E63C9628A90E09001F1C05 /* TaskListController.swift in Sources */,
				B6E63CA928A9390B001F1C05 /* TaskEditController.swift in Sources */,
				B6E63CBF28A96F6B001F1C05 /* TaskTypeCell.swift in Sources */,
			);
			runOnlyForDeploymentPostprocessing = 0;
		};
/* End PBXSourcesBuildPhase section */

/* Begin PBXVariantGroup section */
		B6E63C8528A9043C001F1C05 /* Main.storyboard */ = {
			isa = PBXVariantGroup;
			children = (
				B6E63C8628A9043C001F1C05 /* Base */,
			);
			name = Main.storyboard;
			sourceTree = "<group>";
		};
		B6E63C8A28A9043E001F1C05 /* LaunchScreen.storyboard */ = {
			isa = PBXVariantGroup;
			children = (
				B6E63C8B28A9043E001F1C05 /* Base */,
			);
			name = LaunchScreen.storyboard;
			sourceTree = "<group>";
		};
/* End PBXVariantGroup section */

/* Begin XCBuildConfiguration section */
		B6E63C8E28A9043E001F1C05 /* Debug */ = {
			isa = XCBuildConfiguration;
			buildSettings = {
				ALWAYS_SEARCH_USER_PATHS = NO;
				CLANG_ANALYZER_NONNULL = YES;
				CLANG_ANALYZER_NUMBER_OBJECT_CONVERSION = YES_AGGRESSIVE;
				CLANG_CXX_LANGUAGE_STANDARD = "gnu++14";
				CLANG_CXX_LIBRARY = "libc++";
				CLANG_ENABLE_MODULES = YES;
				CLANG_ENABLE_OBJC_ARC = YES;
				CLANG_ENABLE_OBJC_WEAK = YES;
				CLANG_WARN_BLOCK_CAPTURE_AUTORELEASING = YES;
				CLANG_WARN_BOOL_CONVERSION = YES;
				CLANG_WARN_COMMA = YES;
				CLANG_WARN_CONSTANT_CONVERSION = YES;
				CLANG_WARN_DEPRECATED_OBJC_IMPLEMENTATIONS = YES;
				CLANG_WARN_DIRECT_OBJC_ISA_USAGE = YES_ERROR;
				CLANG_WARN_DOCUMENTATION_COMMENTS = YES;
				CLANG_WARN_EMPTY_BODY = YES;
				CLANG_WARN_ENUM_CONVERSION = YES;
				CLANG_WARN_INFINITE_RECURSION = YES;
				CLANG_WARN_INT_CONVERSION = YES;
				CLANG_WARN_NON_LITERAL_NULL_CONVERSION = YES;
				CLANG_WARN_OBJC_IMPLICIT_RETAIN_SELF = YES;
				CLANG_WARN_OBJC_LITERAL_CONVERSION = YES;
				CLANG_WARN_OBJC_ROOT_CLASS = YES_ERROR;
				CLANG_WARN_QUOTED_INCLUDE_IN_FRAMEWORK_HEADER = YES;
				CLANG_WARN_RANGE_LOOP_ANALYSIS = YES;
				CLANG_WARN_STRICT_PROTOTYPES = YES;
				CLANG_WARN_SUSPICIOUS_MOVE = YES;
				CLANG_WARN_UNGUARDED_AVAILABILITY = YES_AGGRESSIVE;
				CLANG_WARN_UNREACHABLE_CODE = YES;
				CLANG_WARN__DUPLICATE_METHOD_MATCH = YES;
				COPY_PHASE_STRIP = NO;
				DEBUG_INFORMATION_FORMAT = dwarf;
				ENABLE_STRICT_OBJC_MSGSEND = YES;
				ENABLE_TESTABILITY = YES;
				GCC_C_LANGUAGE_STANDARD = gnu11;
				GCC_DYNAMIC_NO_PIC = NO;
				GCC_NO_COMMON_BLOCKS = YES;
				GCC_OPTIMIZATION_LEVEL = 0;
				GCC_PREPROCESSOR_DEFINITIONS = (
					"DEBUG=1",
					"$(inherited)",
				);
				GCC_WARN_64_TO_32_BIT_CONVERSION = YES;
				GCC_WARN_ABOUT_RETURN_TYPE = YES_ERROR;
				GCC_WARN_UNDECLARED_SELECTOR = YES;
				GCC_WARN_UNINITIALIZED_AUTOS = YES_AGGRESSIVE;
				GCC_WARN_UNUSED_FUNCTION = YES;
				GCC_WARN_UNUSED_VARIABLE = YES;
				IPHONEOS_DEPLOYMENT_TARGET = 14.4;
				MTL_ENABLE_DEBUG_INFO = INCLUDE_SOURCE;
				MTL_FAST_MATH = YES;
				ONLY_ACTIVE_ARCH = YES;
				SDKROOT = iphoneos;
				SWIFT_ACTIVE_COMPILATION_CONDITIONS = DEBUG;
				SWIFT_OPTIMIZATION_LEVEL = "-Onone";
			};
			name = Debug;
		};
		B6E63C8F28A9043E001F1C05 /* Release */ = {
			isa = XCBuildConfiguration;
			buildSettings = {
				ALWAYS_SEARCH_USER_PATHS = NO;
				CLANG_ANALYZER_NONNULL = YES;
				CLANG_ANALYZER_NUMBER_OBJECT_CONVERSION = YES_AGGRESSIVE;
				CLANG_CXX_LANGUAGE_STANDARD = "gnu++14";
				CLANG_CXX_LIBRARY = "libc++";
				CLANG_ENABLE_MODULES = YES;
				CLANG_ENABLE_OBJC_ARC = YES;
				CLANG_ENABLE_OBJC_WEAK = YES;
				CLANG_WARN_BLOCK_CAPTURE_AUTORELEASING = YES;
				CLANG_WARN_BOOL_CONVERSION = YES;
				CLANG_WARN_COMMA = YES;
				CLANG_WARN_CONSTANT_CONVERSION = YES;
				CLANG_WARN_DEPRECATED_OBJC_IMPLEMENTATIONS = YES;
				CLANG_WARN_DIRECT_OBJC_ISA_USAGE = YES_ERROR;
				CLANG_WARN_DOCUMENTATION_COMMENTS = YES;
				CLANG_WARN_EMPTY_BODY = YES;
				CLANG_WARN_ENUM_CONVERSION = YES;
				CLANG_WARN_INFINITE_RECURSION = YES;
				CLANG_WARN_INT_CONVERSION = YES;
				CLANG_WARN_NON_LITERAL_NULL_CONVERSION = YES;
				CLANG_WARN_OBJC_IMPLICIT_RETAIN_SELF = YES;
				CLANG_WARN_OBJC_LITERAL_CONVERSION = YES;
				CLANG_WARN_OBJC_ROOT_CLASS = YES_ERROR;
				CLANG_WARN_QUOTED_INCLUDE_IN_FRAMEWORK_HEADER = YES;
				CLANG_WARN_RANGE_LOOP_ANALYSIS = YES;
				CLANG_WARN_STRICT_PROTOTYPES = YES;
				CLANG_WARN_SUSPICIOUS_MOVE = YES;
				CLANG_WARN_UNGUARDED_AVAILABILITY = YES_AGGRESSIVE;
				CLANG_WARN_UNREACHABLE_CODE = YES;
				CLANG_WARN__DUPLICATE_METHOD_MATCH = YES;
				COPY_PHASE_STRIP = NO;
				DEBUG_INFORMATION_FORMAT = "dwarf-with-dsym";
				ENABLE_NS_ASSERTIONS = NO;
				ENABLE_STRICT_OBJC_MSGSEND = YES;
				GCC_C_LANGUAGE_STANDARD = gnu11;
				GCC_NO_COMMON_BLOCKS = YES;
				GCC_WARN_64_TO_32_BIT_CONVERSION = YES;
				GCC_WARN_ABOUT_RETURN_TYPE = YES_ERROR;
				GCC_WARN_UNDECLARED_SELECTOR = YES;
				GCC_WARN_UNINITIALIZED_AUTOS = YES_AGGRESSIVE;
				GCC_WARN_UNUSED_FUNCTION = YES;
				GCC_WARN_UNUSED_VARIABLE = YES;
				IPHONEOS_DEPLOYMENT_TARGET = 14.4;
				MTL_ENABLE_DEBUG_INFO = NO;
				MTL_FAST_MATH = YES;
				SDKROOT = iphoneos;
				SWIFT_COMPILATION_MODE = wholemodule;
				SWIFT_OPTIMIZATION_LEVEL = "-O";
				VALIDATE_PRODUCT = YES;
			};
			name = Release;
		};
		B6E63C9128A9043E001F1C05 /* Debug */ = {
			isa = XCBuildConfiguration;
			buildSettings = {
				ASSETCATALOG_COMPILER_APPICON_NAME = AppIcon;
				ASSETCATALOG_COMPILER_GLOBAL_ACCENT_COLOR_NAME = AccentColor;
				CODE_SIGN_STYLE = Automatic;
				DEVELOPMENT_TEAM = UK8UCMKAMS;
				INFOPLIST_FILE = "ToDoAPP/Supporting Files/Info.plist";
				LD_RUNPATH_SEARCH_PATHS = (
					"$(inherited)",
					"@executable_path/Frameworks",
				);
				PRODUCT_BUNDLE_IDENTIFIER = com.asyer.ToDoAPP;
				PRODUCT_NAME = "$(TARGET_NAME)";
				SWIFT_VERSION = 5.0;
				TARGETED_DEVICE_FAMILY = "1,2";
			};
			name = Debug;
		};
		B6E63C9228A9043E001F1C05 /* Release */ = {
			isa = XCBuildConfiguration;
			buildSettings = {
				ASSETCATALOG_COMPILER_APPICON_NAME = AppIcon;
				ASSETCATALOG_COMPILER_GLOBAL_ACCENT_COLOR_NAME = AccentColor;
				CODE_SIGN_STYLE = Automatic;
				DEVELOPMENT_TEAM = UK8UCMKAMS;
				INFOPLIST_FILE = "ToDoAPP/Supporting Files/Info.plist";
				LD_RUNPATH_SEARCH_PATHS = (
					"$(inherited)",
					"@executable_path/Frameworks",
				);
				PRODUCT_BUNDLE_IDENTIFIER = com.asyer.ToDoAPP;
				PRODUCT_NAME = "$(TARGET_NAME)";
				SWIFT_VERSION = 5.0;
				TARGETED_DEVICE_FAMILY = "1,2";
			};
			name = Release;
		};
/* End XCBuildConfiguration section */

/* Begin XCConfigurationList section */
		B6E63C7728A9043C001F1C05 /* Build configuration list for PBXProject "ToDoAPP" */ = {
			isa = XCConfigurationList;
			buildConfigurations = (
				B6E63C8E28A9043E001F1C05 /* Debug */,
				B6E63C8F28A9043E001F1C05 /* Release */,
			);
			defaultConfigurationIsVisible = 0;
			defaultConfigurationName = Release;
		};
		B6E63C9028A9043E001F1C05 /* Build configuration list for PBXNativeTarget "ToDoAPP" */ = {
			isa = XCConfigurationList;
			buildConfigurations = (
				B6E63C9128A9043E001F1C05 /* Debug */,
				B6E63C9228A9043E001F1C05 /* Release */,
			);
			defaultConfigurationIsVisible = 0;
			defaultConfigurationName = Release;
		};
/* End XCConfigurationList section */
	};
	rootObject = B6E63C7428A9043C001F1C05 /* Project object */;
}
